// !$*UTF8*$!
{
	archiveVersion = 1;
	classes = {
	};
	objectVersion = 46;
	objects = {

/* Begin PBXBuildFile section */
		8843B4B81CF595C8004CF7D0 /* WebViewController.swift in Sources */ = {isa = PBXBuildFile; fileRef = 8843B4B71CF595C8004CF7D0 /* WebViewController.swift */; };
		8843B4BA1CF5A9DF004CF7D0 /* FriendExtension.swift in Sources */ = {isa = PBXBuildFile; fileRef = 8843B4B91CF5A9DF004CF7D0 /* FriendExtension.swift */; };
		88F6787B1CF4036900C00F39 /* AppDelegate.swift in Sources */ = {isa = PBXBuildFile; fileRef = 88F6787A1CF4036900C00F39 /* AppDelegate.swift */; };
		88F6787D1CF4036900C00F39 /* DetailViewController.swift in Sources */ = {isa = PBXBuildFile; fileRef = 88F6787C1CF4036900C00F39 /* DetailViewController.swift */; };
		88F678801CF4036900C00F39 /* Main.storyboard in Resources */ = {isa = PBXBuildFile; fileRef = 88F6787E1CF4036900C00F39 /* Main.storyboard */; };
		88F678821CF4036900C00F39 /* Assets.xcassets in Resources */ = {isa = PBXBuildFile; fileRef = 88F678811CF4036900C00F39 /* Assets.xcassets */; };
		88F678851CF4036900C00F39 /* LaunchScreen.storyboard in Resources */ = {isa = PBXBuildFile; fileRef = 88F678831CF4036900C00F39 /* LaunchScreen.storyboard */; };
		88F678901CF4036A00C00F39 /* FriendsTests.swift in Sources */ = {isa = PBXBuildFile; fileRef = 88F6788F1CF4036A00C00F39 /* FriendsTests.swift */; };
		88F6789B1CF4036A00C00F39 /* FriendsUITests.swift in Sources */ = {isa = PBXBuildFile; fileRef = 88F6789A1CF4036A00C00F39 /* FriendsUITests.swift */; };
		88F678A91CF406C200C00F39 /* MasterViewController.swift in Sources */ = {isa = PBXBuildFile; fileRef = 88F678A81CF406C200C00F39 /* MasterViewController.swift */; };
		88F678AD1CF40ADD00C00F39 /* Friend.swift in Sources */ = {isa = PBXBuildFile; fileRef = 88F678AC1CF40ADD00C00F39 /* Friend.swift */; };
		88F678AF1CF40AFC00C00F39 /* FriendList.swift in Sources */ = {isa = PBXBuildFile; fileRef = 88F678AE1CF40AFC00C00F39 /* FriendList.swift */; };
		88F678B11CF41DDE00C00F39 /* apple-touch-icon.png in Resources */ = {isa = PBXBuildFile; fileRef = 88F678B01CF41DDE00C00F39 /* apple-touch-icon.png */; };
		88F678B51CF5454100C00F39 /* MapViewController.swift in Sources */ = {isa = PBXBuildFile; fileRef = 88F678B41CF5454100C00F39 /* MapViewController.swift */; };
/* End PBXBuildFile section */

/* Begin PBXContainerItemProxy section */
		88F6788C1CF4036A00C00F39 /* PBXContainerItemProxy */ = {
			isa = PBXContainerItemProxy;
			containerPortal = 88F6786F1CF4036900C00F39 /* Project object */;
			proxyType = 1;
			remoteGlobalIDString = 88F678761CF4036900C00F39;
			remoteInfo = Friends;
		};
		88F678971CF4036A00C00F39 /* PBXContainerItemProxy */ = {
			isa = PBXContainerItemProxy;
			containerPortal = 88F6786F1CF4036900C00F39 /* Project object */;
			proxyType = 1;
			remoteGlobalIDString = 88F678761CF4036900C00F39;
			remoteInfo = Friends;
		};
/* End PBXContainerItemProxy section */

/* Begin PBXFileReference section */
		8843B4B71CF595C8004CF7D0 /* WebViewController.swift */ = {isa = PBXFileReference; fileEncoding = 4; lastKnownFileType = sourcecode.swift; path = WebViewController.swift; sourceTree = "<group>"; };
		8843B4B91CF5A9DF004CF7D0 /* FriendExtension.swift */ = {isa = PBXFileReference; fileEncoding = 4; lastKnownFileType = sourcecode.swift; path = FriendExtension.swift; sourceTree = "<group>"; };
		88F678771CF4036900C00F39 /* Friends.app */ = {isa = PBXFileReference; explicitFileType = wrapper.application; includeInIndex = 0; path = Friends.app; sourceTree = BUILT_PRODUCTS_DIR; };
		88F6787A1CF4036900C00F39 /* AppDelegate.swift */ = {isa = PBXFileReference; lastKnownFileType = sourcecode.swift; path = AppDelegate.swift; sourceTree = "<group>"; };
		88F6787C1CF4036900C00F39 /* DetailViewController.swift */ = {isa = PBXFileReference; lastKnownFileType = sourcecode.swift; path = DetailViewController.swift; sourceTree = "<group>"; };
		88F6787F1CF4036900C00F39 /* Base */ = {isa = PBXFileReference; lastKnownFileType = file.storyboard; name = Base; path = Base.lproj/Main.storyboard; sourceTree = "<group>"; };
		88F678811CF4036900C00F39 /* Assets.xcassets */ = {isa = PBXFileReference; lastKnownFileType = folder.assetcatalog; path = Assets.xcassets; sourceTree = "<group>"; };
		88F678841CF4036900C00F39 /* Base */ = {isa = PBXFileReference; lastKnownFileType = file.storyboard; name = Base; path = Base.lproj/LaunchScreen.storyboard; sourceTree = "<group>"; };
		88F678861CF4036900C00F39 /* Info.plist */ = {isa = PBXFileReference; lastKnownFileType = text.plist.xml; path = Info.plist; sourceTree = "<group>"; };
		88F6788B1CF4036A00C00F39 /* FriendsTests.xctest */ = {isa = PBXFileReference; explicitFileType = wrapper.cfbundle; includeInIndex = 0; path = FriendsTests.xctest; sourceTree = BUILT_PRODUCTS_DIR; };
		88F6788F1CF4036A00C00F39 /* FriendsTests.swift */ = {isa = PBXFileReference; lastKnownFileType = sourcecode.swift; path = FriendsTests.swift; sourceTree = "<group>"; };
		88F678911CF4036A00C00F39 /* Info.plist */ = {isa = PBXFileReference; lastKnownFileType = text.plist.xml; path = Info.plist; sourceTree = "<group>"; };
		88F678961CF4036A00C00F39 /* FriendsUITests.xctest */ = {isa = PBXFileReference; explicitFileType = wrapper.cfbundle; includeInIndex = 0; path = FriendsUITests.xctest; sourceTree = BUILT_PRODUCTS_DIR; };
		88F6789A1CF4036A00C00F39 /* FriendsUITests.swift */ = {isa = PBXFileReference; lastKnownFileType = sourcecode.swift; path = FriendsUITests.swift; sourceTree = "<group>"; };
		88F6789C1CF4036A00C00F39 /* Info.plist */ = {isa = PBXFileReference; lastKnownFileType = text.plist.xml; path = Info.plist; sourceTree = "<group>"; };
		88F678A81CF406C200C00F39 /* MasterViewController.swift */ = {isa = PBXFileReference; fileEncoding = 4; lastKnownFileType = sourcecode.swift; path = MasterViewController.swift; sourceTree = "<group>"; };
		88F678AC1CF40ADD00C00F39 /* Friend.swift */ = {isa = PBXFileReference; fileEncoding = 4; lastKnownFileType = sourcecode.swift; path = Friend.swift; sourceTree = "<group>"; };
		88F678AE1CF40AFC00C00F39 /* FriendList.swift */ = {isa = PBXFileReference; fileEncoding = 4; lastKnownFileType = sourcecode.swift; path = FriendList.swift; sourceTree = "<group>"; };
		88F678B01CF41DDE00C00F39 /* apple-touch-icon.png */ = {isa = PBXFileReference; lastKnownFileType = image.png; path = "apple-touch-icon.png"; sourceTree = "<group>"; };
		88F678B41CF5454100C00F39 /* MapViewController.swift */ = {isa = PBXFileReference; fileEncoding = 4; lastKnownFileType = sourcecode.swift; name = MapViewController.swift; path = ../MapViewController.swift; sourceTree = "<group>"; };
/* End PBXFileReference section */

/* Begin PBXFrameworksBuildPhase section */
		88F678741CF4036900C00F39 /* Frameworks */ = {
			isa = PBXFrameworksBuildPhase;
			buildActionMask = 2147483647;
			files = (
			);
			runOnlyForDeploymentPostprocessing = 0;
		};
		88F678881CF4036A00C00F39 /* Frameworks */ = {
			isa = PBXFrameworksBuildPhase;
			buildActionMask = 2147483647;
			files = (
			);
			runOnlyForDeploymentPostprocessing = 0;
		};
		88F678931CF4036A00C00F39 /* Frameworks */ = {
			isa = PBXFrameworksBuildPhase;
			buildActionMask = 2147483647;
			files = (
			);
			runOnlyForDeploymentPostprocessing = 0;
		};
/* End PBXFrameworksBuildPhase section */

/* Begin PBXGroup section */
		88F6786E1CF4036900C00F39 = {
			isa = PBXGroup;
			children = (
				88F678791CF4036900C00F39 /* Friends */,
				88F6788E1CF4036A00C00F39 /* FriendsTests */,
				88F678991CF4036A00C00F39 /* FriendsUITests */,
				88F678781CF4036900C00F39 /* Products */,
			);
			sourceTree = "<group>";
		};
		88F678781CF4036900C00F39 /* Products */ = {
			isa = PBXGroup;
			children = (
				88F678771CF4036900C00F39 /* Friends.app */,
				88F6788B1CF4036A00C00F39 /* FriendsTests.xctest */,
				88F678961CF4036A00C00F39 /* FriendsUITests.xctest */,
			);
			name = Products;
			sourceTree = "<group>";
		};
		88F678791CF4036900C00F39 /* Friends */ = {
			isa = PBXGroup;
			children = (
				88F678A81CF406C200C00F39 /* MasterViewController.swift */,
				88F6787C1CF4036900C00F39 /* DetailViewController.swift */,
				88F678B41CF5454100C00F39 /* MapViewController.swift */,
				8843B4B71CF595C8004CF7D0 /* WebViewController.swift */,
				88F6787E1CF4036900C00F39 /* Main.storyboard */,
				88F678AC1CF40ADD00C00F39 /* Friend.swift */,
				88F678AE1CF40AFC00C00F39 /* FriendList.swift */,
				88F6787A1CF4036900C00F39 /* AppDelegate.swift */,
				88F678B01CF41DDE00C00F39 /* apple-touch-icon.png */,
				88F678811CF4036900C00F39 /* Assets.xcassets */,
				88F678831CF4036900C00F39 /* LaunchScreen.storyboard */,
				88F678861CF4036900C00F39 /* Info.plist */,
				8843B4B91CF5A9DF004CF7D0 /* FriendExtension.swift */,
			);
			path = Friends;
			sourceTree = "<group>";
		};
		88F6788E1CF4036A00C00F39 /* FriendsTests */ = {
			isa = PBXGroup;
			children = (
				88F6788F1CF4036A00C00F39 /* FriendsTests.swift */,
				88F678911CF4036A00C00F39 /* Info.plist */,
			);
			path = FriendsTests;
			sourceTree = "<group>";
		};
		88F678991CF4036A00C00F39 /* FriendsUITests */ = {
			isa = PBXGroup;
			children = (
				88F6789A1CF4036A00C00F39 /* FriendsUITests.swift */,
				88F6789C1CF4036A00C00F39 /* Info.plist */,
			);
			path = FriendsUITests;
			sourceTree = "<group>";
		};
/* End PBXGroup section */

/* Begin PBXNativeTarget section */
		88F678761CF4036900C00F39 /* Friends */ = {
			isa = PBXNativeTarget;
			buildConfigurationList = 88F6789F1CF4036A00C00F39 /* Build configuration list for PBXNativeTarget "Friends" */;
			buildPhases = (
				88F678731CF4036900C00F39 /* Sources */,
				88F678741CF4036900C00F39 /* Frameworks */,
				88F678751CF4036900C00F39 /* Resources */,
			);
			buildRules = (
			);
			dependencies = (
			);
			name = Friends;
			productName = Friends;
			productReference = 88F678771CF4036900C00F39 /* Friends.app */;
			productType = "com.apple.product-type.application";
		};
		88F6788A1CF4036A00C00F39 /* FriendsTests */ = {
			isa = PBXNativeTarget;
			buildConfigurationList = 88F678A21CF4036A00C00F39 /* Build configuration list for PBXNativeTarget "FriendsTests" */;
			buildPhases = (
				88F678871CF4036A00C00F39 /* Sources */,
				88F678881CF4036A00C00F39 /* Frameworks */,
				88F678891CF4036A00C00F39 /* Resources */,
			);
			buildRules = (
			);
			dependencies = (
				88F6788D1CF4036A00C00F39 /* PBXTargetDependency */,
			);
			name = FriendsTests;
			productName = FriendsTests;
			productReference = 88F6788B1CF4036A00C00F39 /* FriendsTests.xctest */;
			productType = "com.apple.product-type.bundle.unit-test";
		};
		88F678951CF4036A00C00F39 /* FriendsUITests */ = {
			isa = PBXNativeTarget;
			buildConfigurationList = 88F678A51CF4036A00C00F39 /* Build configuration list for PBXNativeTarget "FriendsUITests" */;
			buildPhases = (
				88F678921CF4036A00C00F39 /* Sources */,
				88F678931CF4036A00C00F39 /* Frameworks */,
				88F678941CF4036A00C00F39 /* Resources */,
			);
			buildRules = (
			);
			dependencies = (
				88F678981CF4036A00C00F39 /* PBXTargetDependency */,
			);
			name = FriendsUITests;
			productName = FriendsUITests;
			productReference = 88F678961CF4036A00C00F39 /* FriendsUITests.xctest */;
			productType = "com.apple.product-type.bundle.ui-testing";
		};
/* End PBXNativeTarget section */

/* Begin PBXProject section */
		88F6786F1CF4036900C00F39 /* Project object */ = {
			isa = PBXProject;
			attributes = {
				LastSwiftUpdateCheck = 0730;
				LastUpgradeCheck = 0730;
				ORGANIZATIONNAME = Anis;
				TargetAttributes = {
					88F678761CF4036900C00F39 = {
						CreatedOnToolsVersion = 7.3;
					};
					88F6788A1CF4036A00C00F39 = {
						CreatedOnToolsVersion = 7.3;
						TestTargetID = 88F678761CF4036900C00F39;
					};
					88F678951CF4036A00C00F39 = {
						CreatedOnToolsVersion = 7.3;
						TestTargetID = 88F678761CF4036900C00F39;
					};
				};
			};
			buildConfigurationList = 88F678721CF4036900C00F39 /* Build configuration list for PBXProject "Friends" */;
			compatibilityVersion = "Xcode 3.2";
			developmentRegion = English;
			hasScannedForEncodings = 0;
			knownRegions = (
				en,
				Base,
			);
			mainGroup = 88F6786E1CF4036900C00F39;
			productRefGroup = 88F678781CF4036900C00F39 /* Products */;
			projectDirPath = "";
			projectRoot = "";
			targets = (
				88F678761CF4036900C00F39 /* Friends */,
				88F6788A1CF4036A00C00F39 /* FriendsTests */,
				88F678951CF4036A00C00F39 /* FriendsUITests */,
			);
		};
/* End PBXProject section */

/* Begin PBXResourcesBuildPhase section */
		88F678751CF4036900C00F39 /* Resources */ = {
			isa = PBXResourcesBuildPhase;
			buildActionMask = 2147483647;
			files = (
				88F678851CF4036900C00F39 /* LaunchScreen.storyboard in Resources */,
				88F678821CF4036900C00F39 /* Assets.xcassets in Resources */,
				88F678801CF4036900C00F39 /* Main.storyboard in Resources */,
				88F678B11CF41DDE00C00F39 /* apple-touch-icon.png in Resources */,
			);
			runOnlyForDeploymentPostprocessing = 0;
		};
		88F678891CF4036A00C00F39 /* Resources */ = {
			isa = PBXResourcesBuildPhase;
			buildActionMask = 2147483647;
			files = (
			);
			runOnlyForDeploymentPostprocessing = 0;
		};
		88F678941CF4036A00C00F39 /* Resources */ = {
			isa = PBXResourcesBuildPhase;
			buildActionMask = 2147483647;
			files = (
			);
			runOnlyForDeploymentPostprocessing = 0;
		};
/* End PBXResourcesBuildPhase section */

/* Begin PBXSourcesBuildPhase section */
		88F678731CF4036900C00F39 /* Sources */ = {
			isa = PBXSourcesBuildPhase;
			buildActionMask = 2147483647;
			files = (
				88F678A91CF406C200C00F39 /* MasterViewController.swift in Sources */,
				88F678B51CF5454100C00F39 /* MapViewController.swift in Sources */,
				88F678AF1CF40AFC00C00F39 /* FriendList.swift in Sources */,
				88F6787D1CF4036900C00F39 /* DetailViewController.swift in Sources */,
				8843B4B81CF595C8004CF7D0 /* WebViewController.swift in Sources */,
				8843B4BA1CF5A9DF004CF7D0 /* FriendExtension.swift in Sources */,
				88F6787B1CF4036900C00F39 /* AppDelegate.swift in Sources */,
				88F678AD1CF40ADD00C00F39 /* Friend.swift in Sources */,
			);
			runOnlyForDeploymentPostprocessing = 0;
		};
		88F678871CF4036A00C00F39 /* Sources */ = {
			isa = PBXSourcesBuildPhase;
			buildActionMask = 2147483647;
			files = (
				88F678901CF4036A00C00F39 /* FriendsTests.swift in Sources */,
			);
			runOnlyForDeploymentPostprocessing = 0;
		};
		88F678921CF4036A00C00F39 /* Sources */ = {
			isa = PBXSourcesBuildPhase;
			buildActionMask = 2147483647;
			files = (
				88F6789B1CF4036A00C00F39 /* FriendsUITests.swift in Sources */,
			);
			runOnlyForDeploymentPostprocessing = 0;
		};
/* End PBXSourcesBuildPhase section */

/* Begin PBXTargetDependency section */
		88F6788D1CF4036A00C00F39 /* PBXTargetDependency */ = {
			isa = PBXTargetDependency;
			target = 88F678761CF4036900C00F39 /* Friends */;
			targetProxy = 88F6788C1CF4036A00C00F39 /* PBXContainerItemProxy */;
		};
		88F678981CF4036A00C00F39 /* PBXTargetDependency */ = {
			isa = PBXTargetDependency;
			target = 88F678761CF4036900C00F39 /* Friends */;
			targetProxy = 88F678971CF4036A00C00F39 /* PBXContainerItemProxy */;
		};
/* End PBXTargetDependency section */

/* Begin PBXVariantGroup section */
		88F6787E1CF4036900C00F39 /* Main.storyboard */ = {
			isa = PBXVariantGroup;
			children = (
				88F6787F1CF4036900C00F39 /* Base */,
			);
			name = Main.storyboard;
			sourceTree = "<group>";
		};
		88F678831CF4036900C00F39 /* LaunchScreen.storyboard */ = {
			isa = PBXVariantGroup;
			children = (
				88F678841CF4036900C00F39 /* Base */,
			);
			name = LaunchScreen.storyboard;
			sourceTree = "<group>";
		};
/* End PBXVariantGroup section */

/* Begin XCBuildConfiguration section */
		88F6789D1CF4036A00C00F39 /* Debug */ = {
			isa = XCBuildConfiguration;
			buildSettings = {
				ALWAYS_SEARCH_USER_PATHS = NO;
				CLANG_ANALYZER_NONNULL = YES;
				CLANG_CXX_LANGUAGE_STANDARD = "gnu++0x";
				CLANG_CXX_LIBRARY = "libc++";
				CLANG_ENABLE_MODULES = YES;
				CLANG_ENABLE_OBJC_ARC = YES;
				CLANG_WARN_BOOL_CONVERSION = YES;
				CLANG_WARN_CONSTANT_CONVERSION = YES;
				CLANG_WARN_DIRECT_OBJC_ISA_USAGE = YES_ERROR;
				CLANG_WARN_EMPTY_BODY = YES;
				CLANG_WARN_ENUM_CONVERSION = YES;
				CLANG_WARN_INT_CONVERSION = YES;
				CLANG_WARN_OBJC_ROOT_CLASS = YES_ERROR;
				CLANG_WARN_UNREACHABLE_CODE = YES;
				CLANG_WARN__DUPLICATE_METHOD_MATCH = YES;
				"CODE_SIGN_IDENTITY[sdk=iphoneos*]" = "iPhone Developer";
				COPY_PHASE_STRIP = NO;
				DEBUG_INFORMATION_FORMAT = dwarf;
				ENABLE_STRICT_OBJC_MSGSEND = YES;
				ENABLE_TESTABILITY = YES;
				GCC_C_LANGUAGE_STANDARD = gnu99;
				GCC_DYNAMIC_NO_PIC = NO;
				GCC_NO_COMMON_BLOCKS = YES;
				GCC_OPTIMIZATION_LEVEL = 0;
				GCC_PREPROCESSOR_DEFINITIONS = (
					"DEBUG=1",
					"$(inherited)",
				);
				GCC_WARN_64_TO_32_BIT_CONVERSION = YES;
				GCC_WARN_ABOUT_RETURN_TYPE = YES_ERROR;
				GCC_WARN_UNDECLARED_SELECTOR = YES;
				GCC_WARN_UNINITIALIZED_AUTOS = YES_AGGRESSIVE;
				GCC_WARN_UNUSED_FUNCTION = YES;
				GCC_WARN_UNUSED_VARIABLE = YES;
				IPHONEOS_DEPLOYMENT_TARGET = 9.3;
				MTL_ENABLE_DEBUG_INFO = YES;
				ONLY_ACTIVE_ARCH = YES;
				SDKROOT = iphoneos;
				SWIFT_OPTIMIZATION_LEVEL = "-Onone";
				TARGETED_DEVICE_FAMILY = "1,2";
			};
			name = Debug;
		};
		88F6789E1CF4036A00C00F39 /* Release */ = {
			isa = XCBuildConfiguration;
			buildSettings = {
				ALWAYS_SEARCH_USER_PATHS = NO;
				CLANG_ANALYZER_NONNULL = YES;
				CLANG_CXX_LANGUAGE_STANDARD = "gnu++0x";
				CLANG_CXX_LIBRARY = "libc++";
				CLANG_ENABLE_MODULES = YES;
				CLANG_ENABLE_OBJC_ARC = YES;
				CLANG_WARN_BOOL_CONVERSION = YES;
				CLANG_WARN_CONSTANT_CONVERSION = YES;
				CLANG_WARN_DIRECT_OBJC_ISA_USAGE = YES_ERROR;
				CLANG_WARN_EMPTY_BODY = YES;
				CLANG_WARN_ENUM_CONVERSION = YES;
				CLANG_WARN_INT_CONVERSION = YES;
				CLANG_WARN_OBJC_ROOT_CLASS = YES_ERROR;
				CLANG_WARN_UNREACHABLE_CODE = YES;
				CLANG_WARN__DUPLICATE_METHOD_MATCH = YES;
				"CODE_SIGN_IDENTITY[sdk=iphoneos*]" = "iPhone Developer";
				COPY_PHASE_STRIP = NO;
				DEBUG_INFORMATION_FORMAT = "dwarf-with-dsym";
				ENABLE_NS_ASSERTIONS = NO;
				ENABLE_STRICT_OBJC_MSGSEND = YES;
				GCC_C_LANGUAGE_STANDARD = gnu99;
				GCC_NO_COMMON_BLOCKS = YES;
				GCC_WARN_64_TO_32_BIT_CONVERSION = YES;
				GCC_WARN_ABOUT_RETURN_TYPE = YES_ERROR;
				GCC_WARN_UNDECLARED_SELECTOR = YES;
				GCC_WARN_UNINITIALIZED_AUTOS = YES_AGGRESSIVE;
				GCC_WARN_UNUSED_FUNCTION = YES;
				GCC_WARN_UNUSED_VARIABLE = YES;
				IPHONEOS_DEPLOYMENT_TARGET = 9.3;
				MTL_ENABLE_DEBUG_INFO = NO;
				SDKROOT = iphoneos;
				TARGETED_DEVICE_FAMILY = "1,2";
				VALIDATE_PRODUCT = YES;
			};
			name = Release;
		};
		88F678A01CF4036A00C00F39 /* Debug */ = {
			isa = XCBuildConfiguration;
			buildSettings = {
				ASSETCATALOG_COMPILER_APPICON_NAME = AppIcon;
				INFOPLIST_FILE = Friends/Info.plist;
				LD_RUNPATH_SEARCH_PATHS = "$(inherited) @executable_path/Frameworks";
				PRODUCT_BUNDLE_IDENTIFIER = au.edu.griffith.ict.prog.Friends;
				PRODUCT_NAME = "$(TARGET_NAME)";
			};
			name = Debug;
		};
		88F678A11CF4036A00C00F39 /* Release */ = {
			isa = XCBuildConfiguration;
			buildSettings = {
				ASSETCATALOG_COMPILER_APPICON_NAME = AppIcon;
				INFOPLIST_FILE = Friends/Info.plist;
				LD_RUNPATH_SEARCH_PATHS = "$(inherited) @executable_path/Frameworks";
				PRODUCT_BUNDLE_IDENTIFIER = au.edu.griffith.ict.prog.Friends;
				PRODUCT_NAME = "$(TARGET_NAME)";
			};
			name = Release;
		};
		88F678A31CF4036A00C00F39 /* Debug */ = {
			isa = XCBuildConfiguration;
			buildSettings = {
				BUNDLE_LOADER = "$(TEST_HOST)";
				INFOPLIST_FILE = FriendsTests/Info.plist;
				LD_RUNPATH_SEARCH_PATHS = "$(inherited) @executable_path/Frameworks @loader_path/Frameworks";
				PRODUCT_BUNDLE_IDENTIFIER = au.edu.griffith.ict.prog.FriendsTests;
				PRODUCT_NAME = "$(TARGET_NAME)";
				TEST_HOST = "$(BUILT_PRODUCTS_DIR)/Friends.app/Friends";
			};
			name = Debug;
		};
		88F678A41CF4036A00C00F39 /* Release */ = {
			isa = XCBuildConfiguration;
			buildSettings = {
				BUNDLE_LOADER = "$(TEST_HOST)";
				INFOPLIST_FILE = FriendsTests/Info.plist;
				LD_RUNPATH_SEARCH_PATHS = "$(inherited) @executable_path/Frameworks @loader_path/Frameworks";
				PRODUCT_BUNDLE_IDENTIFIER = au.edu.griffith.ict.prog.FriendsTests;
				PRODUCT_NAME = "$(TARGET_NAME)";
				TEST_HOST = "$(BUILT_PRODUCTS_DIR)/Friends.app/Friends";
			};
			name = Release;
		};
		88F678A61CF4036A00C00F39 /* Debug */ = {
			isa = XCBuildConfiguration;
			buildSettings = {
				INFOPLIST_FILE = FriendsUITests/Info.plist;
				LD_RUNPATH_SEARCH_PATHS = "$(inherited) @executable_path/Frameworks @loader_path/Frameworks";
				PRODUCT_BUNDLE_IDENTIFIER = au.edu.griffith.ict.prog.FriendsUITests;
				PRODUCT_NAME = "$(TARGET_NAME)";
				TEST_TARGET_NAME = Friends;
			};
			name = Debug;
		};
		88F678A71CF4036A00C00F39 /* Release */ = {
			isa = XCBuildConfiguration;
			buildSettings = {
				INFOPLIST_FILE = FriendsUITests/Info.plist;
				LD_RUNPATH_SEARCH_PATHS = "$(inherited) @executable_path/Frameworks @loader_path/Frameworks";
				PRODUCT_BUNDLE_IDENTIFIER = au.edu.griffith.ict.prog.FriendsUITests;
				PRODUCT_NAME = "$(TARGET_NAME)";
				TEST_TARGET_NAME = Friends;
			};
			name = Release;
		};
/* End XCBuildConfiguration section */

/* Begin XCConfigurationList section */
		88F678721CF4036900C00F39 /* Build configuration list for PBXProject "Friends" */ = {
			isa = XCConfigurationList;
			buildConfigurations = (
				88F6789D1CF4036A00C00F39 /* Debug */,
				88F6789E1CF4036A00C00F39 /* Release */,
			);
			defaultConfigurationIsVisible = 0;
			defaultConfigurationName = Release;
		};
		88F6789F1CF4036A00C00F39 /* Build configuration list for PBXNativeTarget "Friends" */ = {
			isa = XCConfigurationList;
			buildConfigurations = (
				88F678A01CF4036A00C00F39 /* Debug */,
				88F678A11CF4036A00C00F39 /* Release */,
			);
			defaultConfigurationIsVisible = 0;
			defaultConfigurationName = Release;
		};
		88F678A21CF4036A00C00F39 /* Build configuration list for PBXNativeTarget "FriendsTests" */ = {
			isa = XCConfigurationList;
			buildConfigurations = (
				88F678A31CF4036A00C00F39 /* Debug */,
				88F678A41CF4036A00C00F39 /* Release */,
			);
			defaultConfigurationIsVisible = 0;
			defaultConfigurationName = Release;
		};
		88F678A51CF4036A00C00F39 /* Build configuration list for PBXNativeTarget "FriendsUITests" */ = {
			isa = XCConfigurationList;
			buildConfigurations = (
				88F678A61CF4036A00C00F39 /* Debug */,
				88F678A71CF4036A00C00F39 /* Release */,
			);
			defaultConfigurationIsVisible = 0;
			defaultConfigurationName = Release;
		};
/* End XCConfigurationList section */
	};
	rootObject = 88F6786F1CF4036900C00F39 /* Project object */;
}
